Microsoft Visual Studio Solution File, Format Version 11.00
# Visual Studio 2010
Project("{FAE04EC0-301F-11D3-BF4B-00C04F79EFBC}") = "BackboneMap", "BackboneMap.csproj", "{D1A940EA-A0AD-41D8-9EEB-83E723F8D694}"
EndProject
Global
	GlobalSection(SolutionConfigurationPlatforms) = preSolution
		Debug|Any CPU = Debug|Any CPU
		Release|Any CPU = Release|Any CPU
	EndGlobalSection
	GlobalSection(ProjectConfigurationPlatforms) = postSolution
		{D1A940EA-A0AD-41D8-9EEB-83E723F8D694}.Debug|Any CPU.ActiveCfg = Debug|Any CPU
		{D1A940EA-A0AD-41D8-9EEB-83E723F8D694}.Debug|Any CPU.Build.0 = Debug|Any CPU
		{D1A940EA-A0AD-41D8-9EEB-83E723F8D694}.Release|Any CPU.ActiveCfg = Release|Any CPU
		{D1A940EA-A0AD-41D8-9EEB-83E723F8D694}.Release|Any CPU.Build.0 = Release|Any CPU
	EndGlobalSection
	GlobalSection(SolutionProperties) = preSolution
		HideSolutionNode = FALSE
	EndGlobalSection
EndGlobal
